<?xml version="1.0" encoding="utf-8"?>
<Project ToolsVersion="4.0" xmlns="http://schemas.microsoft.com/developer/msbuild/2003">
  <ItemGroup>
    <Filter Include="Source Files">
      <UniqueIdentifier>{4FC737F1-C7A5-4376-A066-2A32D752A2FF}</UniqueIdentifier>
      <Extensions>cpp;cxx;c;def</Extensions>
    </Filter>
    <Filter Include="Header Files">
      <UniqueIdentifier>{93995380-89BD-4b04-88EB-625FBE52EBFB}</UniqueIdentifier>
      <Extensions>h</Extensions>
    </Filter>
    <Filter Include="Form Files">
      <UniqueIdentifier>{99349809-55BA-4b9d-BF79-8FDBB0286EB3}</UniqueIdentifier>
      <Extensions>ui</Extensions>
    </Filter>
    <Filter Include="Resource Files">
      <UniqueIdentifier>{D9D6E242-F8AF-46E4-B9FD-80ECBC20BA3E}</UniqueIdentifier>
      <Extensions>qrc;*</Extensions>
      <ParseFiles>false</ParseFiles>
    </Filter>
    <Filter Include="Generated Files">
      <UniqueIdentifier>{71ED8ED8-ACB9-4CE9-BBE1-E00B30144E11}</UniqueIdentifier>
      <Extensions>moc;h;cpp</Extensions>
      <SourceControlFiles>False</SourceControlFiles>
    </Filter>
    <Filter Include="Generated Files\Debug">
      <UniqueIdentifier>{347c0a54-5e3f-4687-93df-6bed6d853472}</UniqueIdentifier>
      <Extensions>cpp;moc</Extensions>
      <SourceControlFiles>False</SourceControlFiles>
    </Filter>
    <Filter Include="Generated Files\Release">
      <UniqueIdentifier>{04d8298c-956c-43e8-9002-d7f198ba47bf}</UniqueIdentifier>
      <Extensions>cpp;moc</Extensions>
      <SourceControlFiles>False</SourceControlFiles>
    </Filter>
    <Filter Include="Base">
      <UniqueIdentifier>{a0f08626-d0ef-4e84-9a4a-f5bfdd040e72}</UniqueIdentifier>
    </Filter>
    <Filter Include="Config">
      <UniqueIdentifier>{08f3ca1a-7937-48e0-9348-204284b4d1a3}</UniqueIdentifier>
    </Filter>
    <Filter Include="Model">
      <UniqueIdentifier>{75e3f1d2-a147-46ed-b492-133c688016d3}</UniqueIdentifier>
    </Filter>
    <Filter Include="Settings">
      <UniqueIdentifier>{57854dc8-312f-46c3-8d74-0c027610d32e}</UniqueIdentifier>
    </Filter>
    <Filter Include="Signal">
      <UniqueIdentifier>{0b5dadeb-926b-4c44-bbf2-7066f941bf39}</UniqueIdentifier>
    </Filter>
    <Filter Include="Delegate">
      <UniqueIdentifier>{c246e938-f985-41b3-a84b-52f8e6398826}</UniqueIdentifier>
    </Filter>
    <Filter Include="UI">
      <UniqueIdentifier>{f9f3aba2-6367-41e3-a182-b385a541ea5b}</UniqueIdentifier>
    </Filter>
    <Filter Include="SingleAnchor">
      <UniqueIdentifier>{aa7b0b36-94bc-451a-8797-d32900c96a24}</UniqueIdentifier>
    </Filter>
    <Filter Include="MoreAnchor">
      <UniqueIdentifier>{688e7a20-0cd6-41e5-9edc-397c8e44b2a9}</UniqueIdentifier>
    </Filter>
    <Filter Include="MixStream">
      <UniqueIdentifier>{5d08e4c3-33c7-434b-8299-8fb1f260d12c}</UniqueIdentifier>
    </Filter>
    <Filter Include="VideoCapture">
      <UniqueIdentifier>{0518461a-4daf-4d0e-90a5-025a1cffeb49}</UniqueIdentifier>
    </Filter>
    <Filter Include="VideoFilter">
      <UniqueIdentifier>{5737129e-c930-443f-81fd-a306ea847de8}</UniqueIdentifier>
    </Filter>
    <Filter Include="MusicHook">
      <UniqueIdentifier>{7bc2c600-1147-4afb-92be-73f1cc22c4ce}</UniqueIdentifier>
    </Filter>
    <Filter Include="ShareDialog">
      <UniqueIdentifier>{04d99768-75e6-4843-8bf4-d15da8202641}</UniqueIdentifier>
    </Filter>
    <Filter Include="MainDialog">
      <UniqueIdentifier>{fac6dfc2-f38d-442c-89a1-5293dd93f1ee}</UniqueIdentifier>
    </Filter>
    <Filter Include="SoftWareInfo">
      <UniqueIdentifier>{e12f9ff0-85be-4c7d-a349-d3836defffcf}</UniqueIdentifier>
    </Filter>
    <Filter Include="ImageShow">
      <UniqueIdentifier>{06bf3868-ac16-4de3-b177-ca20516c6b12}</UniqueIdentifier>
    </Filter>
    <Filter Include="Publish2Stream">
      <UniqueIdentifier>{4254917c-09cf-4b8a-aa99-812dfc9f1cb8}</UniqueIdentifier>
    </Filter>
    <Filter Include="Translation Files">
      <UniqueIdentifier>{639EADAA-A684-42e4-A9AD-28FC9BCB8F7C}</UniqueIdentifier>
      <Extensions>ts</Extensions>
      <ParseFiles>false</ParseFiles>
    </Filter>
    <Filter Include="Module">
      <UniqueIdentifier>{2f145774-a284-46c5-9883-0fbabedbc4e5}</UniqueIdentifier>
    </Filter>
  </ItemGroup>
  <ItemGroup>
    <ClCompile Include="main.cpp">
      <Filter>Source Files</Filter>
    </ClCompile>
    <ClCompile Include="GeneratedFiles\qrc_style.cpp">
      <Filter>Generated Files</Filter>
    </ClCompile>
    <ClCompile Include="ZegoLiveDemo.cpp">
      <Filter>Source Files</Filter>
    </ClCompile>
    <ClCompile Include="Base\ZegoBase.cpp">
      <Filter>Base</Filter>
    </ClCompile>
    <ClCompile Include="Config\ZegoUserConfig.cpp">
      <Filter>Config</Filter>
    </ClCompile>
    <ClCompile Include="Model\ZegoRoomModel.cpp">
      <Filter>Model</Filter>
    </ClCompile>
    <ClCompile Include="Model\ZegoRoomMsgModel.cpp">
      <Filter>Model</Filter>
    </ClCompile>
    <ClCompile Include="Model\ZegoStreamModel.cpp">
      <Filter>Model</Filter>
    </ClCompile>
    <ClCompile Include="Model\ZegoUserModel.cpp">
      <Filter>Model</Filter>
    </ClCompile>
    <ClCompile Include="Signal\ZegoSDKSignal.cpp">
      <Filter>Signal</Filter>
    </ClCompile>
    <ClCompile Include="Settings\ZegoSettingsModel.cpp">
      <Filter>Settings</Filter>
    </ClCompile>
    <ClCompile Include="Delegate\NoFocusFrameDelegate.cpp">
      <Filter>Delegate</Filter>
    </ClCompile>
    <ClCompile Include="UI\ZegoAVView.cpp">
      <Filter>UI</Filter>
    </ClCompile>
    <ClCompile Include="Dialog\ZegoSingleAnchorDialog.cpp">
      <Filter>SingleAnchor</Filter>
    </ClCompile>
    <ClCompile Include="Dialog\ZegoSingleAudienceDialog.cpp">
      <Filter>SingleAnchor</Filter>
    </ClCompile>
    <ClCompile Include="Dialog\ZegoMixStreamAnchorDialog.cpp">
      <Filter>MixStream</Filter>
    </ClCompile>
    <ClCompile Include="Dialog\ZegoMixStreamAudienceDialog.cpp">
      <Filter>MixStream</Filter>
    </ClCompile>
    <ClCompile Include="Dialog\ZegoMoreAnchorDialog.cpp">
      <Filter>MoreAnchor</Filter>
    </ClCompile>
    <ClCompile Include="Dialog\ZegoMoreAudienceDialog.cpp">
      <Filter>MoreAnchor</Filter>
    </ClCompile>
    <ClCompile Include="VideoCapture\ZegoVideoCaptureFactoryDemo.cpp">
      <Filter>VideoCapture</Filter>
    </ClCompile>
    <ClCompile Include="VideoCapture\ZegoVideoCaptureDeviceDemo.cpp">
      <Filter>VideoCapture</Filter>
    </ClCompile>
    <ClCompile Include="VideoFilter\ZegoVideoFilterDemo.cpp">
      <Filter>VideoFilter</Filter>
    </ClCompile>
    <ClCompile Include="VideoFilter\ZegoVideoFilterFactoryDemo.cpp">
      <Filter>VideoFilter</Filter>
    </ClCompile>
    <ClCompile Include="UI\ZegoProgressIndicator.cpp">
      <Filter>UI</Filter>
    </ClCompile>
    <ClCompile Include="UI\ZegoEnterRoomButton.cpp">
      <Filter>UI</Filter>
    </ClCompile>
    <ClCompile Include="UI\ZegoRoomList.cpp">
      <Filter>UI</Filter>
    </ClCompile>
    <ClCompile Include="Dialog\ZegoMainDialog.cpp">
      <Filter>MainDialog</Filter>
    </ClCompile>
    <ClCompile Include="Dialog\ZegoShareDialog.cpp">
      <Filter>ShareDialog</Filter>
    </ClCompile>
    <ClCompile Include="UI\ZegoRoomMessageLabel.cpp">
      <Filter>UI</Filter>
    </ClCompile>
    <ClCompile Include="Dialog\ZegoImageShowDialog.cpp">
      <Filter>ImageShow</Filter>
    </ClCompile>
    <ClCompile Include="UI\ZegoImageButton.cpp">
      <Filter>UI</Filter>
    </ClCompile>
    <ClCompile Include="UI\ZegoMicrophoneButton.cpp">
      <Filter>UI</Filter>
    </ClCompile>
    <ClCompile Include="Base\ZegoBaseDialog.cpp">
      <Filter>Base</Filter>
    </ClCompile>
    <ClCompile Include="Dialog\ZegoPublish2StreamDialog.cpp">
      <Filter>Publish2Stream</Filter>
    </ClCompile>
    <ClCompile Include="GeneratedFiles\Release\moc_NoFocusFrameDelegate.cpp">
      <Filter>Generated Files\Release</Filter>
    </ClCompile>
    <ClCompile Include="GeneratedFiles\Release\moc_ZegoAVView.cpp">
      <Filter>Generated Files\Release</Filter>
    </ClCompile>
    <ClCompile Include="GeneratedFiles\Release\moc_ZegoBaseDialog.cpp">
      <Filter>Generated Files\Release</Filter>
    </ClCompile>
    <ClCompile Include="GeneratedFiles\Release\moc_ZegoEnterRoomButton.cpp">
      <Filter>Generated Files\Release</Filter>
    </ClCompile>
    <ClCompile Include="GeneratedFiles\Release\moc_ZegoImageShowDialog.cpp">
      <Filter>Generated Files\Release</Filter>
    </ClCompile>
    <ClCompile Include="GeneratedFiles\Release\moc_ZegoMainDialog.cpp">
      <Filter>Generated Files\Release</Filter>
    </ClCompile>
    <ClCompile Include="GeneratedFiles\Release\moc_ZegoMicrophoneButton.cpp">
      <Filter>Generated Files\Release</Filter>
    </ClCompile>
    <ClCompile Include="GeneratedFiles\Release\moc_ZegoMixStreamAnchorDialog.cpp">
      <Filter>Generated Files\Release</Filter>
    </ClCompile>
    <ClCompile Include="GeneratedFiles\Release\moc_ZegoMixStreamAudienceDialog.cpp">
      <Filter>Generated Files\Release</Filter>
    </ClCompile>
    <ClCompile Include="GeneratedFiles\Release\moc_ZegoMoreAnchorDialog.cpp">
      <Filter>Generated Files\Release</Filter>
    </ClCompile>
    <ClCompile Include="GeneratedFiles\Release\moc_ZegoMoreAudienceDialog.cpp">
      <Filter>Generated Files\Release</Filter>
    </ClCompile>
    <ClCompile Include="GeneratedFiles\Release\moc_ZegoProgressIndicator.cpp">
      <Filter>Generated Files\Release</Filter>
    </ClCompile>
    <ClCompile Include="GeneratedFiles\Release\moc_ZegoPublish2StreamDialog.cpp">
      <Filter>Generated Files\Release</Filter>
    </ClCompile>
    <ClCompile Include="GeneratedFiles\Release\moc_ZegoRoomMessageLabel.cpp">
      <Filter>Generated Files\Release</Filter>
    </ClCompile>
    <ClCompile Include="GeneratedFiles\Release\moc_ZegoSDKSignal.cpp">
      <Filter>Generated Files\Release</Filter>
    </ClCompile>
    <ClCompile Include="GeneratedFiles\Release\moc_ZegoShareDialog.cpp">
      <Filter>Generated Files\Release</Filter>
    </ClCompile>
    <ClCompile Include="GeneratedFiles\Release\moc_ZegoSingleAnchorDialog.cpp">
      <Filter>Generated Files\Release</Filter>
    </ClCompile>
    <ClCompile Include="GeneratedFiles\Release\moc_ZegoSingleAudienceDialog.cpp">
      <Filter>Generated Files\Release</Filter>
    </ClCompile>
    <ClCompile Include="GeneratedFiles\Release\moc_ZegoVideoFilterDemo.cpp">
      <Filter>Generated Files\Release</Filter>
    </ClCompile>
    <ClCompile Include="UI\CursorPosCalculator.cpp">
      <Filter>UI</Filter>
    </ClCompile>
    <ClCompile Include="UI\frameless_helper.cpp">
      <Filter>UI</Filter>
    </ClCompile>
    <ClCompile Include="GeneratedFiles\Debug\moc_frameless_helper.cpp">
      <Filter>Generated Files\Debug</Filter>
    </ClCompile>
    <ClCompile Include="GeneratedFiles\Release\moc_frameless_helper.cpp">
      <Filter>Generated Files\Release</Filter>
    </ClCompile>
    <ClCompile Include="UI\WidgetData.cpp">
      <Filter>UI</Filter>
    </ClCompile>
    <ClCompile Include="UI\ZegoComboBox.cpp">
      <Filter>UI</Filter>
    </ClCompile>
    <ClCompile Include="UI\ZegoSlider.cpp">
      <Filter>UI</Filter>
    </ClCompile>
    <ClCompile Include="UI\ZegoStateButton.cpp">
      <Filter>UI</Filter>
    </ClCompile>
    <ClCompile Include="UI\ZegoSwitchButton.cpp">
      <Filter>UI</Filter>
    </ClCompile>
    <ClCompile Include="Module\ZegoSurfaceMergeApi.cpp">
      <Filter>Module</Filter>
    </ClCompile>
    <ClCompile Include="AudioHookDialog\ZegoMusicHookDialog.cpp">
      <Filter>MusicHook</Filter>
    </ClCompile>
    <ClCompile Include="GeneratedFiles\Debug\moc_ZegoMusicHookDialog.cpp">
      <Filter>Generated Files\Debug</Filter>
    </ClCompile>
    <ClCompile Include="GeneratedFiles\Release\moc_ZegoMusicHookDialog.cpp">
      <Filter>Generated Files\Release</Filter>
    </ClCompile>
    <ClCompile Include="SoftWareInfo\ZegoSoftWareInfo.cpp">
      <Filter>SoftWareInfo</Filter>
    </ClCompile>
  </ItemGroup>
  <ItemGroup>
    <CustomBuild Include="ZegoMainDialog.qrc">
      <Filter>Resource Files</Filter>
    </CustomBuild>
    <CustomBuild Include="style.qrc">
      <Filter>Resource Files</Filter>
    </CustomBuild>
    <CustomBuild Include="Signal\ZegoSDKSignal.h">
      <Filter>Signal</Filter>
    </CustomBuild>
    <CustomBuild Include="ZegoLiveRoomDialog.ui">
      <Filter>Form Files</Filter>
    </CustomBuild>
    <CustomBuild Include="Delegate\NoFocusFrameDelegate.h">
      <Filter>Delegate</Filter>
    </CustomBuild>
    <CustomBuild Include="UI\ZegoAVView.h">
      <Filter>UI</Filter>
    </CustomBuild>
    <CustomBuild Include="ZegoShareDialog.ui">
      <Filter>Form Files</Filter>
    </CustomBuild>
    <CustomBuild Include="Dialog\ZegoSingleAudienceDialog.h">
      <Filter>SingleAnchor</Filter>
    </CustomBuild>
    <CustomBuild Include="Dialog\ZegoSingleAnchorDialog.h">
      <Filter>SingleAnchor</Filter>
    </CustomBuild>
    <CustomBuild Include="Dialog\ZegoMixStreamAudienceDialog.h">
      <Filter>MixStream</Filter>
    </CustomBuild>
    <CustomBuild Include="Dialog\ZegoMixStreamAnchorDialog.h">
      <Filter>MixStream</Filter>
    </CustomBuild>
    <CustomBuild Include="Dialog\ZegoMoreAudienceDialog.h">
      <Filter>MoreAnchor</Filter>
    </CustomBuild>
    <CustomBuild Include="Dialog\ZegoMoreAnchorDialog.h">
      <Filter>MoreAnchor</Filter>
    </CustomBuild>
    <CustomBuild Include="UI\ZegoProgressIndicator.h">
      <Filter>UI</Filter>
    </CustomBuild>
    <CustomBuild Include="UI\ZegoEnterRoomButton.h">
      <Filter>UI</Filter>
    </CustomBuild>
    <CustomBuild Include="UI\ZegoRoomList.h">
      <Filter>UI</Filter>
    </CustomBuild>
    <CustomBuild Include="Dialog\ZegoMainDialog.h">
      <Filter>MainDialog</Filter>
    </CustomBuild>
    <CustomBuild Include="Dialog\ZegoShareDialog.h">
      <Filter>ShareDialog</Filter>
    </CustomBuild>
    <CustomBuild Include="UI\ZegoRoomMessageLabel.h">
      <Filter>UI</Filter>
    </CustomBuild>
    <CustomBuild Include="ZegoMainDialog.ui">
      <Filter>Form Files</Filter>
    </CustomBuild>
    <CustomBuild Include="ZegoMusicHookDialog.ui">
      <Filter>Form Files</Filter>
    </CustomBuild>
    <CustomBuild Include="ZegoImageShowDialog.ui">
      <Filter>Form Files</Filter>
    </CustomBuild>
    <CustomBuild Include="Dialog\ZegoImageShowDialog.h">
      <Filter>ImageShow</Filter>
    </CustomBuild>
    <CustomBuild Include="UI\ZegoMicrophoneButton.h">
      <Filter>UI</Filter>
    </CustomBuild>
    <CustomBuild Include="VideoFilter\ZegoVideoFilterDemo.h">
      <Filter>VideoFilter</Filter>
    </CustomBuild>
    <CustomBuild Include="Base\ZegoBaseDialog.h">
      <Filter>Base</Filter>
    </CustomBuild>
    <CustomBuild Include="Dialog\ZegoPublish2StreamDialog.h">
      <Filter>Publish2Stream</Filter>
    </CustomBuild>
    <CustomBuild Include="UI\frameless_helper.h">
      <Filter>UI</Filter>
    </CustomBuild>
    <CustomBuild Include="AudioHookDialog\ZegoMusicHookDialog.h">
      <Filter>MusicHook</Filter>
    </CustomBuild>
  </ItemGroup>
  <ItemGroup>
    <ClInclude Include="ZegoLiveDemo.h">
      <Filter>Header Files</Filter>
    </ClInclude>
    <ClInclude Include="Base\ZegoBase.h">
      <Filter>Base</Filter>
    </ClInclude>
    <ClInclude Include="Config\ZegoUserConfig.h">
      <Filter>Config</Filter>
    </ClInclude>
    <ClInclude Include="Model\ZegoRoomModel.h">
      <Filter>Model</Filter>
    </ClInclude>
    <ClInclude Include="Model\ZegoRoomMsgModel.h">
      <Filter>Model</Filter>
    </ClInclude>
    <ClInclude Include="Model\ZegoStreamModel.h">
      <Filter>Model</Filter>
    </ClInclude>
    <ClInclude Include="Model\ZegoUserModel.h">
      <Filter>Model</Filter>
    </ClInclude>
    <ClInclude Include="Settings\ZegoSettingsModel.h">
      <Filter>Settings</Filter>
    </ClInclude>
    <ClInclude Include="GeneratedFiles\ui_ZegoLiveRoomDialog.h">
      <Filter>Generated Files</Filter>
    </ClInclude>
    <ClInclude Include="resource.h">
      <Filter>Header Files</Filter>
    </ClInclude>
    <ClInclude Include="GeneratedFiles\ui_ZegoShareDialog.h">
      <Filter>Generated Files</Filter>
    </ClInclude>
    <ClInclude Include="VideoCapture\ZegoVideoCaptureFactoryDemo.h">
      <Filter>VideoCapture</Filter>
    </ClInclude>
    <ClInclude Include="VideoCapture\ZegoVideoCaptureDeviceDemo.h">
      <Filter>VideoCapture</Filter>
    </ClInclude>
    <ClInclude Include="VideoFilter\ZegoVideoFilterFactoryDemo.h">
      <Filter>VideoFilter</Filter>
    </ClInclude>
    <ClInclude Include="GeneratedFiles\ui_ZegoMainDialog.h">
      <Filter>Generated Files</Filter>
    </ClInclude>
    <ClInclude Include="GeneratedFiles\ui_ZegoMusicHookDialog.h">
      <Filter>Generated Files</Filter>
    </ClInclude>
    <ClInclude Include="GeneratedFiles\ui_ZegoImageShowDialog.h">
      <Filter>Generated Files</Filter>
    </ClInclude>
    <ClInclude Include="UI\ZegoImageButton.h">
      <Filter>UI</Filter>
    </ClInclude>
    <ClInclude Include="UI\CursorPosCalculator.h">
      <Filter>UI</Filter>
    </ClInclude>
    <ClInclude Include="UI\FramelessHelperPrivate.h">
      <Filter>UI</Filter>
    </ClInclude>
    <ClInclude Include="UI\WidgetData.h">
      <Filter>UI</Filter>
    </ClInclude>
    <ClInclude Include="UI\ZegoComboBox.h">
      <Filter>UI</Filter>
    </ClInclude>
    <ClInclude Include="UI\ZegoSlider.h">
      <Filter>UI</Filter>
    </ClInclude>
    <ClInclude Include="UI\ZegoStateButton.h">
      <Filter>UI</Filter>
    </ClInclude>
    <ClInclude Include="UI\ZegoSwitchButton.h">
      <Filter>UI</Filter>
    </ClInclude>
    <ClInclude Include="Module\ZegoSurfaceMergeApi.h">
      <Filter>Module</Filter>
    </ClInclude>
    <ClInclude Include="SoftWareInfo\ZegoSoftWareInfo.h">
      <Filter>SoftWareInfo</Filter>
    </ClInclude>
  </ItemGroup>
  <ItemGroup>
    <Image Include="Resources\images\refresh.png">
      <Filter>Resource Files</Filter>
    </Image>
    <Image Include="Resources\ZegoLiveDemo.ico">
      <Filter>Resource Files</Filter>
    </Image>
  </ItemGroup>
  <ItemGroup>
    <ResourceCompile Include="Resources\res.rc">
      <Filter>Resource Files</Filter>
    </ResourceCompile>
  </ItemGroup>
  <ItemGroup>
    <None Include="Resources\locale\zegolivedemo_zh.ts">
      <Filter>Translation Files</Filter>
    </None>
    <None Include="Resources\locale\zegolivedemo_en.ts">
      <Filter>Translation Files</Filter>
    </None>
  </ItemGroup>
</Project>